
Microsoft Visual Studio Solution File, Format Version 12.00
# Visual Studio Version 16
VisualStudioVersion = 16.0.29123.88
MinimumVisualStudioVersion = 10.0.40219.1
Project("{FAE04EC0-301F-11D3-BF4B-00C04F79EFBC}") = "Thompson+Cerradura", "Thompson+Cerradura.csproj", "{DAB06CF8-76E7-43D6-9C42-1FE0B1D1E921}"
EndProject
Global
	GlobalSection(SolutionConfigurationPlatforms) = preSolution
		Debug|Any CPU = Debug|Any CPU
		Release|Any CPU = Release|Any CPU
	EndGlobalSection
	GlobalSection(ProjectConfigurationPlatforms) = postSolution
		{DAB06CF8-76E7-43D6-9C42-1FE0B1D1E921}.Debug|Any CPU.ActiveCfg = Debug|Any CPU
		{DAB06CF8-76E7-43D6-9C42-1FE0B1D1E921}.Debug|Any CPU.Build.0 = Debug|Any CPU
		{DAB06CF8-76E7-43D6-9C42-1FE0B1D1E921}.Release|Any CPU.ActiveCfg = Release|Any CPU
		{DAB06CF8-76E7-43D6-9C42-1FE0B1D1E921}.Release|Any CPU.Build.0 = Release|Any CPU
	EndGlobalSection
	GlobalSection(SolutionProperties) = preSolution
		HideSolutionNode = FALSE
	EndGlobalSection
	GlobalSection(ExtensibilityGlobals) = postSolution
		SolutionGuid = {4E12469F-E558-43F9-8008-4E81824358A7}
	EndGlobalSection
EndGlobal
